
Microsoft Visual Studio Solution File, Format Version 12.00
# Visual Studio 15
VisualStudioVersion = 15.0.28010.2036
MinimumVisualStudioVersion = 10.0.40219.1
Project("{FAE04EC0-301F-11D3-BF4B-00C04F79EFBC}") = "task1", "39ce16e9-2fb3-4001-9c37-c71d5c8efb1f\task1.csproj", "{FC78F74F-AA58-4953-B573-7986F57AA8B0}"
EndProject
Project("{2150E333-8FDC-42A3-9474-1A3956D46DE8}") = "Task", "Task", "{43B83923-4CDD-487B-B5A7-FD7A0C16684B}"
EndProject
Project("{2150E333-8FDC-42A3-9474-1A3956D46DE8}") = "Func", "Func", "{0E518DEB-D408-4C69-BE95-9FEA07D9F3CC}"
EndProject
Project("{FAE04EC0-301F-11D3-BF4B-00C04F79EFBC}") = "Func1", "Func1\Func1.csproj", "{3579D608-F75B-40C1-86D6-7A43A2766231}"
EndProject
Project("{FAE04EC0-301F-11D3-BF4B-00C04F79EFBC}") = "Action1", "Action1\Action1.csproj", "{A46EE2BB-A1FA-4447-AC86-7D51D419C766}"
EndProject
Project("{FAE04EC0-301F-11D3-BF4B-00C04F79EFBC}") = "CancellationTokenSource1", "CancellationTokenSource1\CancellationTokenSource1.csproj", "{86D5ACCD-84C2-453A-9ED0-D4909C803C2E}"
EndProject
Project("{FAE04EC0-301F-11D3-BF4B-00C04F79EFBC}") = "ContinueWith1", "ContinueWith1\ContinueWith1.csproj", "{D4282D1D-20F2-43F7-9C32-6DFFFA0C2787}"
EndProject
Project("{FAE04EC0-301F-11D3-BF4B-00C04F79EFBC}") = "TaskCompletionSource1", "TaskCompletionSource1\TaskCompletionSource1.csproj", "{67498844-95ED-4A7F-B85E-7738C7915554}"
EndProject
Project("{FAE04EC0-301F-11D3-BF4B-00C04F79EFBC}") = "AutoResetEvent1", "AutoResetEvent1\AutoResetEvent1.csproj", "{873EE75B-B8D4-40DD-A6DD-5697051D25B5}"
EndProject
Project("{2150E333-8FDC-42A3-9474-1A3956D46DE8}") = "AsyncAwait", "AsyncAwait", "{06D00F21-AA95-4DDB-A107-6F1F81EF9E2F}"
EndProject
Global
	GlobalSection(SolutionConfigurationPlatforms) = preSolution
		Debug|Any CPU = Debug|Any CPU
		Release|Any CPU = Release|Any CPU
	EndGlobalSection
	GlobalSection(ProjectConfigurationPlatforms) = postSolution
		{FC78F74F-AA58-4953-B573-7986F57AA8B0}.Debug|Any CPU.ActiveCfg = Debug|Any CPU
		{FC78F74F-AA58-4953-B573-7986F57AA8B0}.Debug|Any CPU.Build.0 = Debug|Any CPU
		{FC78F74F-AA58-4953-B573-7986F57AA8B0}.Release|Any CPU.ActiveCfg = Release|Any CPU
		{FC78F74F-AA58-4953-B573-7986F57AA8B0}.Release|Any CPU.Build.0 = Release|Any CPU
		{3579D608-F75B-40C1-86D6-7A43A2766231}.Debug|Any CPU.ActiveCfg = Debug|Any CPU
		{3579D608-F75B-40C1-86D6-7A43A2766231}.Debug|Any CPU.Build.0 = Debug|Any CPU
		{3579D608-F75B-40C1-86D6-7A43A2766231}.Release|Any CPU.ActiveCfg = Release|Any CPU
		{3579D608-F75B-40C1-86D6-7A43A2766231}.Release|Any CPU.Build.0 = Release|Any CPU
		{A46EE2BB-A1FA-4447-AC86-7D51D419C766}.Debug|Any CPU.ActiveCfg = Debug|Any CPU
		{A46EE2BB-A1FA-4447-AC86-7D51D419C766}.Debug|Any CPU.Build.0 = Debug|Any CPU
		{A46EE2BB-A1FA-4447-AC86-7D51D419C766}.Release|Any CPU.ActiveCfg = Release|Any CPU
		{A46EE2BB-A1FA-4447-AC86-7D51D419C766}.Release|Any CPU.Build.0 = Release|Any CPU
		{86D5ACCD-84C2-453A-9ED0-D4909C803C2E}.Debug|Any CPU.ActiveCfg = Debug|Any CPU
		{86D5ACCD-84C2-453A-9ED0-D4909C803C2E}.Debug|Any CPU.Build.0 = Debug|Any CPU
		{86D5ACCD-84C2-453A-9ED0-D4909C803C2E}.Release|Any CPU.ActiveCfg = Release|Any CPU
		{86D5ACCD-84C2-453A-9ED0-D4909C803C2E}.Release|Any CPU.Build.0 = Release|Any CPU
		{D4282D1D-20F2-43F7-9C32-6DFFFA0C2787}.Debug|Any CPU.ActiveCfg = Debug|Any CPU
		{D4282D1D-20F2-43F7-9C32-6DFFFA0C2787}.Debug|Any CPU.Build.0 = Debug|Any CPU
		{D4282D1D-20F2-43F7-9C32-6DFFFA0C2787}.Release|Any CPU.ActiveCfg = Release|Any CPU
		{D4282D1D-20F2-43F7-9C32-6DFFFA0C2787}.Release|Any CPU.Build.0 = Release|Any CPU
		{67498844-95ED-4A7F-B85E-7738C7915554}.Debug|Any CPU.ActiveCfg = Debug|Any CPU
		{67498844-95ED-4A7F-B85E-7738C7915554}.Debug|Any CPU.Build.0 = Debug|Any CPU
		{67498844-95ED-4A7F-B85E-7738C7915554}.Release|Any CPU.ActiveCfg = Release|Any CPU
		{67498844-95ED-4A7F-B85E-7738C7915554}.Release|Any CPU.Build.0 = Release|Any CPU
		{873EE75B-B8D4-40DD-A6DD-5697051D25B5}.Debug|Any CPU.ActiveCfg = Debug|Any CPU
		{873EE75B-B8D4-40DD-A6DD-5697051D25B5}.Debug|Any CPU.Build.0 = Debug|Any CPU
		{873EE75B-B8D4-40DD-A6DD-5697051D25B5}.Release|Any CPU.ActiveCfg = Release|Any CPU
		{873EE75B-B8D4-40DD-A6DD-5697051D25B5}.Release|Any CPU.Build.0 = Release|Any CPU
	EndGlobalSection
	GlobalSection(SolutionProperties) = preSolution
		HideSolutionNode = FALSE
	EndGlobalSection
	GlobalSection(NestedProjects) = preSolution
		{FC78F74F-AA58-4953-B573-7986F57AA8B0} = {43B83923-4CDD-487B-B5A7-FD7A0C16684B}
		{3579D608-F75B-40C1-86D6-7A43A2766231} = {0E518DEB-D408-4C69-BE95-9FEA07D9F3CC}
		{A46EE2BB-A1FA-4447-AC86-7D51D419C766} = {0E518DEB-D408-4C69-BE95-9FEA07D9F3CC}
		{86D5ACCD-84C2-453A-9ED0-D4909C803C2E} = {43B83923-4CDD-487B-B5A7-FD7A0C16684B}
		{D4282D1D-20F2-43F7-9C32-6DFFFA0C2787} = {43B83923-4CDD-487B-B5A7-FD7A0C16684B}
		{67498844-95ED-4A7F-B85E-7738C7915554} = {43B83923-4CDD-487B-B5A7-FD7A0C16684B}
		{873EE75B-B8D4-40DD-A6DD-5697051D25B5} = {43B83923-4CDD-487B-B5A7-FD7A0C16684B}
	EndGlobalSection
	GlobalSection(ExtensibilityGlobals) = postSolution
		SolutionGuid = {10FE627A-527C-4B00-A14E-FCEF6F4C6835}
	EndGlobalSection
EndGlobal
